<?xml version="1.0" encoding="utf-8"?>
<Project ToolsVersion="4.0" xmlns="http://schemas.microsoft.com/developer/msbuild/2003">
  <ItemGroup>
    <Filter Include="Source Files">
      <UniqueIdentifier>{4FC737F1-C7A5-4376-A066-2A32D752A2FF}</UniqueIdentifier>
      <Extensions>qml;cpp;c;cc;cxx;def;odl;idl;hpj;bat;asm;asmx</Extensions>
    </Filter>
    <Filter Include="Header Files">
      <UniqueIdentifier>{93995380-89BD-4b04-88EB-625FBE52EBFB}</UniqueIdentifier>
      <Extensions>h;hh;hpp;hxx;hm;inl;inc;xsd</Extensions>
    </Filter>
    <Filter Include="Resource Files">
      <UniqueIdentifier>{67DA6AB6-F800-4c08-8B7A-83BB121AAD01}</UniqueIdentifier>
      <Extensions>qrc;rc;ico;cur;bmp;dlg;rc2;rct;bin;rgs;gif;jpg;jpeg;jpe;resx;tiff;tif;png;wav;mfcribbon-ms</Extensions>
    </Filter>
    <Filter Include="Form Files">
      <UniqueIdentifier>{99349809-55BA-4b9d-BF79-8FDBB0286EB3}</UniqueIdentifier>
      <Extensions>ui</Extensions>
    </Filter>
    <Filter Include="Translation Files">
      <UniqueIdentifier>{639EADAA-A684-42e4-A9AD-28FC9BCB8F7C}</UniqueIdentifier>
      <Extensions>ts</Extensions>
    </Filter>
  </ItemGroup>
  <ItemGroup>
    <QtRcc Include="TW.qrc">
      <Filter>Resource Files</Filter>
    </QtRcc>
  </ItemGroup>
  <ItemGroup>
    <ClCompile Include="main.cpp">
      <Filter>Source Files</Filter>
    </ClCompile>
    <ClCompile Include="beamActor.cpp">
      <Filter>Source Files</Filter>
    </ClCompile>
    <ClCompile Include="Element.cpp">
      <Filter>Source Files</Filter>
    </ClCompile>
    <ClCompile Include="Element_Beam.cpp">
      <Filter>Source Files</Filter>
    </ClCompile>
    <ClCompile Include="Element_Truss.cpp">
      <Filter>Source Files</Filter>
    </ClCompile>
    <ClCompile Include="InterFace.cpp">
      <Filter>Source Files</Filter>
    </ClCompile>
    <ClCompile Include="Node.cpp">
      <Filter>Source Files</Filter>
    </ClCompile>
    <ClCompile Include="Part_Base.cpp">
      <Filter>Source Files</Filter>
    </ClCompile>
    <ClCompile Include="T_Body.cpp">
      <Filter>Source Files</Filter>
    </ClCompile>
    <ClCompile Include="T_CrossArm.cpp">
      <Filter>Source Files</Filter>
    </ClCompile>
    <ClCompile Include="T_Foot.cpp">
      <Filter>Source Files</Filter>
    </ClCompile>
    <ClCompile Include="Tower.cpp">
      <Filter>Source Files</Filter>
    </ClCompile>
    <ClCompile Include="Tower_Assembly.cpp">
      <Filter>Source Files</Filter>
    </ClCompile>
    <ClCompile Include="TowerData_Body.cpp">
      <Filter>Source Files</Filter>
    </ClCompile>
    <ClCompile Include="TowerData_CrossArm.cpp">
      <Filter>Source Files</Filter>
    </ClCompile>
    <ClCompile Include="TowerData_leg.cpp">
      <Filter>Source Files</Filter>
    </ClCompile>
    <ClCompile Include="TowerPart_body.cpp">
      <Filter>Source Files</Filter>
    </ClCompile>
    <ClCompile Include="TowerPart_CrossArm.cpp">
      <Filter>Source Files</Filter>
    </ClCompile>
    <ClCompile Include="TowerPart_leg.cpp">
      <Filter>Source Files</Filter>
    </ClCompile>
    <ClCompile Include="MultiSelectComboBox.cpp">
      <Filter>Source Files</Filter>
    </ClCompile>
    <ClCompile Include="Manage_PartData.cpp">
      <Filter>Source Files</Filter>
    </ClCompile>
    <ClCompile Include="Interphase_spacer.cpp">
      <Filter>Source Files</Filter>
    </ClCompile>
    <ClCompile Include="MouseInteractorHighLightActor.cpp">
      <Filter>Source Files</Filter>
    </ClCompile>
    <ClCompile Include="Manage_InsData.cpp">
      <Filter>Source Files</Filter>
    </ClCompile>
    <ClCompile Include="Assign_Section.cpp">
      <Filter>Source Files</Filter>
    </ClCompile>
    <ClCompile Include="Base.cpp">
      <Filter>Source Files</Filter>
    </ClCompile>
    <ClCompile Include="circle.cpp">
      <Filter>Source Files</Filter>
    </ClCompile>
    <ClCompile Include="ClassSection.cpp">
      <Filter>Source Files</Filter>
    </ClCompile>
    <ClCompile Include="Section.cpp">
      <Filter>Source Files</Filter>
    </ClCompile>
    <ClCompile Include="Set_Section.cpp">
      <Filter>Source Files</Filter>
    </ClCompile>
    <ClCompile Include="SetAllSection.cpp">
      <Filter>Source Files</Filter>
    </ClCompile>
    <ClCompile Include="TowerPart_Insulator.cpp">
      <Filter>Source Files</Filter>
    </ClCompile>
    <ClCompile Include="TowerData_Insulator.cpp">
      <Filter>Source Files</Filter>
    </ClCompile>
    <ClCompile Include="Wire_InterFace.cpp">
      <Filter>Source Files</Filter>
    </ClCompile>
    <ClCompile Include="Element_Wire.cpp">
      <Filter>Source Files</Filter>
    </ClCompile>
  </ItemGroup>
  <ItemGroup>
    <ClInclude Include="beamActor.h">
      <Filter>Header Files</Filter>
    </ClInclude>
    <ClInclude Include="Element.h">
      <Filter>Header Files</Filter>
    </ClInclude>
    <ClInclude Include="Element_Beam.h">
      <Filter>Header Files</Filter>
    </ClInclude>
    <ClInclude Include="Element_Truss.h">
      <Filter>Header Files</Filter>
    </ClInclude>
    <ClInclude Include="Manage_Entity.h">
      <Filter>Header Files</Filter>
    </ClInclude>
    <ClInclude Include="Node.h">
      <Filter>Header Files</Filter>
    </ClInclude>
    <ClInclude Include="Part_Base.h">
      <Filter>Header Files</Filter>
    </ClInclude>
    <ClInclude Include="Tower.h">
      <Filter>Header Files</Filter>
    </ClInclude>
    <ClInclude Include="TowerData_Body.h">
      <Filter>Header Files</Filter>
    </ClInclude>
    <ClInclude Include="TowerData_CrossArm.h">
      <Filter>Header Files</Filter>
    </ClInclude>
    <ClInclude Include="TowerData_Layer.h">
      <Filter>Header Files</Filter>
    </ClInclude>
    <ClInclude Include="TowerData_LayerArm.h">
      <Filter>Header Files</Filter>
    </ClInclude>
    <ClInclude Include="TowerData_leg.h">
      <Filter>Header Files</Filter>
    </ClInclude>
    <ClInclude Include="TowerPart_body.h">
      <Filter>Header Files</Filter>
    </ClInclude>
    <ClInclude Include="TowerPart_CrossArm.h">
      <Filter>Header Files</Filter>
    </ClInclude>
    <ClInclude Include="TowerPart_leg.h">
      <Filter>Header Files</Filter>
    </ClInclude>
    <ClInclude Include="MouseInteractorHighLightActor.h">
      <Filter>Header Files</Filter>
    </ClInclude>
    <ClInclude Include="Base.h">
      <Filter>Header Files</Filter>
    </ClInclude>
    <ClInclude Include="circle.h">
      <Filter>Header Files</Filter>
    </ClInclude>
    <ClInclude Include="ClassSection.h">
      <Filter>Header Files</Filter>
    </ClInclude>
    <ClInclude Include="Section.h">
      <Filter>Header Files</Filter>
    </ClInclude>
    <ClInclude Include="TowerPart_Insulator.h">
      <Filter>Header Files</Filter>
    </ClInclude>
    <ClInclude Include="TowerData_Insulator.h">
      <Filter>Header Files</Filter>
    </ClInclude>
    <ClInclude Include="Element_Wire.h">
      <Filter>Header Files</Filter>
    </ClInclude>
  </ItemGroup>
  <ItemGroup>
    <QtMoc Include="InterFace.h">
      <Filter>Header Files</Filter>
    </QtMoc>
    <QtMoc Include="T_Body.h">
      <Filter>Header Files</Filter>
    </QtMoc>
    <QtMoc Include="T_CrossArm.h">
      <Filter>Header Files</Filter>
    </QtMoc>
    <QtMoc Include="T_Foot.h">
      <Filter>Header Files</Filter>
    </QtMoc>
    <QtMoc Include="Tower_Assembly.h">
      <Filter>Header Files</Filter>
    </QtMoc>
    <QtMoc Include="MultiSelectComboBox.h">
      <Filter>Header Files</Filter>
    </QtMoc>
    <QtMoc Include="Manage_PartData.h">
      <Filter>Header Files</Filter>
    </QtMoc>
    <QtMoc Include="Interphase_spacer.h">
      <Filter>Header Files</Filter>
    </QtMoc>
    <QtMoc Include="Manage_InsData.h">
      <Filter>Header Files</Filter>
    </QtMoc>
    <QtMoc Include="Assign_Section.h">
      <Filter>Header Files</Filter>
    </QtMoc>
    <QtMoc Include="Set_Section.h">
      <Filter>Header Files</Filter>
    </QtMoc>
    <QtMoc Include="SetAllSection.h">
      <Filter>Header Files</Filter>
    </QtMoc>
    <QtMoc Include="Wire_InterFace.h">
      <Filter>Header Files</Filter>
    </QtMoc>
  </ItemGroup>
  <ItemGroup>
    <QtUic Include="T_CrossArm.ui">
      <Filter>Form Files</Filter>
    </QtUic>
    <QtUic Include="T_Foot.ui">
      <Filter>Form Files</Filter>
    </QtUic>
    <QtUic Include="Tower_Assembly.ui">
      <Filter>Form Files</Filter>
    </QtUic>
    <QtUic Include="InterFace.ui">
      <Filter>Form Files</Filter>
    </QtUic>
    <QtUic Include="T_Body.ui">
      <Filter>Form Files</Filter>
    </QtUic>
    <QtUic Include="Manage_PartData.ui">
      <Filter>Form Files</Filter>
    </QtUic>
    <QtUic Include="Interphase_spacer.ui">
      <Filter>Form Files</Filter>
    </QtUic>
    <QtUic Include="Manage_InsData.ui">
      <Filter>Form Files</Filter>
    </QtUic>
    <QtUic Include="Assign_Section.ui">
      <Filter>Form Files</Filter>
    </QtUic>
    <QtUic Include="Set_Section.ui">
      <Filter>Form Files</Filter>
    </QtUic>
    <QtUic Include="SetAllSection.ui">
      <Filter>Form Files</Filter>
    </QtUic>
    <QtUic Include="Wire_InterFace.ui">
      <Filter>Form Files</Filter>
    </QtUic>
  </ItemGroup>
</Project>